
Microsoft Visual Studio Solution File, Format Version 12.00
# Visual Studio 15
VisualStudioVersion = 15.0.28010.2003
MinimumVisualStudioVersion = 10.0.40219.1
Project("{FAE04EC0-301F-11D3-BF4B-00C04F79EFBC}") = "LabSheet8", "LabSheet8\LabSheet8.csproj", "{22A81073-168F-4FE1-AE65-867970FB1164}"
EndProject
Global
	GlobalSection(SolutionConfigurationPlatforms) = preSolution
		Debug|Any CPU = Debug|Any CPU
		Release|Any CPU = Release|Any CPU
	EndGlobalSection
	GlobalSection(ProjectConfigurationPlatforms) = postSolution
		{22A81073-168F-4FE1-AE65-867970FB1164}.Debug|Any CPU.ActiveCfg = Debug|Any CPU
		{22A81073-168F-4FE1-AE65-867970FB1164}.Debug|Any CPU.Build.0 = Debug|Any CPU
		{22A81073-168F-4FE1-AE65-867970FB1164}.Release|Any CPU.ActiveCfg = Release|Any CPU
		{22A81073-168F-4FE1-AE65-867970FB1164}.Release|Any CPU.Build.0 = Release|Any CPU
	EndGlobalSection
	GlobalSection(SolutionProperties) = preSolution
		HideSolutionNode = FALSE
	EndGlobalSection
	GlobalSection(ExtensibilityGlobals) = postSolution
		SolutionGuid = {A3354C05-A6CC-4F15-A28D-9CDED7E09D16}
	EndGlobalSection
EndGlobal
